// !$*UTF8*$!
{
	archiveVersion = 1;
	classes = {
	};
	objectVersion = 48;
	objects = {

/* Begin PBXBuildFile section */
		070F60E9200EA99200027CF0 /* CategoryViewController.swift in Sources */ = {isa = PBXBuildFile; fileRef = 070F60E8200EA99200027CF0 /* CategoryViewController.swift */; };
		070F60F1200FC7EF00027CF0 /* Item.swift in Sources */ = {isa = PBXBuildFile; fileRef = 070F60F0200FC7EF00027CF0 /* Item.swift */; };
		070F60F3200FC7FB00027CF0 /* Category.swift in Sources */ = {isa = PBXBuildFile; fileRef = 070F60F2200FC7FB00027CF0 /* Category.swift */; };
		070F60F5201249CC00027CF0 /* SwipeTableViewController.swift in Sources */ = {isa = PBXBuildFile; fileRef = 070F60F4201249CC00027CF0 /* SwipeTableViewController.swift */; };
		074A3F8420070724000A439A /* AppDelegate.swift in Sources */ = {isa = PBXBuildFile; fileRef = 074A3F8320070724000A439A /* AppDelegate.swift */; };
		074A3F8620070724000A439A /* TodoListViewController.swift in Sources */ = {isa = PBXBuildFile; fileRef = 074A3F8520070724000A439A /* TodoListViewController.swift */; };
		074A3F8920070724000A439A /* Main.storyboard in Resources */ = {isa = PBXBuildFile; fileRef = 074A3F8720070724000A439A /* Main.storyboard */; };
		074A3F8B20070724000A439A /* Assets.xcassets in Resources */ = {isa = PBXBuildFile; fileRef = 074A3F8A20070724000A439A /* Assets.xcassets */; };
		074A3F8E20070724000A439A /* LaunchScreen.storyboard in Resources */ = {isa = PBXBuildFile; fileRef = 074A3F8C20070724000A439A /* LaunchScreen.storyboard */; };
		5DC766321E86858DA3D31DD8 /* Pods_Todoey.framework in Frameworks */ = {isa = PBXBuildFile; fileRef = 53F637BA8A1B2C7933EF371A /* Pods_Todoey.framework */; };
/* End PBXBuildFile section */

/* Begin PBXFileReference section */
		070F60E8200EA99200027CF0 /* CategoryViewController.swift */ = {isa = PBXFileReference; lastKnownFileType = sourcecode.swift; path = CategoryViewController.swift; sourceTree = "<group>"; };
		070F60F0200FC7EF00027CF0 /* Item.swift */ = {isa = PBXFileReference; lastKnownFileType = sourcecode.swift; path = Item.swift; sourceTree = "<group>"; };
		070F60F2200FC7FB00027CF0 /* Category.swift */ = {isa = PBXFileReference; lastKnownFileType = sourcecode.swift; path = Category.swift; sourceTree = "<group>"; };
		070F60F4201249CC00027CF0 /* SwipeTableViewController.swift */ = {isa = PBXFileReference; lastKnownFileType = sourcecode.swift; path = SwipeTableViewController.swift; sourceTree = "<group>"; };
		074A3F8020070724000A439A /* Todoey.app */ = {isa = PBXFileReference; explicitFileType = wrapper.application; includeInIndex = 0; path = Todoey.app; sourceTree = BUILT_PRODUCTS_DIR; };
		074A3F8320070724000A439A /* AppDelegate.swift */ = {isa = PBXFileReference; lastKnownFileType = sourcecode.swift; path = AppDelegate.swift; sourceTree = "<group>"; };
		074A3F8520070724000A439A /* TodoListViewController.swift */ = {isa = PBXFileReference; lastKnownFileType = sourcecode.swift; path = TodoListViewController.swift; sourceTree = "<group>"; };
		074A3F8820070724000A439A /* Base */ = {isa = PBXFileReference; lastKnownFileType = file.storyboard; name = Base; path = Base.lproj/Main.storyboard; sourceTree = "<group>"; };
		074A3F8A20070724000A439A /* Assets.xcassets */ = {isa = PBXFileReference; lastKnownFileType = folder.assetcatalog; path = Assets.xcassets; sourceTree = "<group>"; };
		074A3F8D20070724000A439A /* Base */ = {isa = PBXFileReference; lastKnownFileType = file.storyboard; name = Base; path = Base.lproj/LaunchScreen.storyboard; sourceTree = "<group>"; };
		074A3F8F20070724000A439A /* Info.plist */ = {isa = PBXFileReference; lastKnownFileType = text.plist.xml; path = Info.plist; sourceTree = "<group>"; };
		53F637BA8A1B2C7933EF371A /* Pods_Todoey.framework */ = {isa = PBXFileReference; explicitFileType = wrapper.framework; includeInIndex = 0; path = Pods_Todoey.framework; sourceTree = BUILT_PRODUCTS_DIR; };
		658556D771CEDE8F0BAF2B9A /* Pods-Todoey.debug.xcconfig */ = {isa = PBXFileReference; includeInIndex = 1; lastKnownFileType = text.xcconfig; name = "Pods-Todoey.debug.xcconfig"; path = "Pods/Target Support Files/Pods-Todoey/Pods-Todoey.debug.xcconfig"; sourceTree = "<group>"; };
		89879ECBB78B0750FD530FC6 /* Pods-Todoey.release.xcconfig */ = {isa = PBXFileReference; includeInIndex = 1; lastKnownFileType = text.xcconfig; name = "Pods-Todoey.release.xcconfig"; path = "Pods/Target Support Files/Pods-Todoey/Pods-Todoey.release.xcconfig"; sourceTree = "<group>"; };
/* End PBXFileReference section */

/* Begin PBXFrameworksBuildPhase section */
		074A3F7D20070724000A439A /* Frameworks */ = {
			isa = PBXFrameworksBuildPhase;
			buildActionMask = 2147483647;
			files = (
				5DC766321E86858DA3D31DD8 /* Pods_Todoey.framework in Frameworks */,
			);
			runOnlyForDeploymentPostprocessing = 0;
		};
/* End PBXFrameworksBuildPhase section */

/* Begin PBXGroup section */
		074A3F7720070724000A439A = {
			isa = PBXGroup;
			children = (
				074A3F8220070724000A439A /* Todoey */,
				074A3F9C2007FE41000A439A /* Supporting Files */,
				074A3F8F20070724000A439A /* Info.plist */,
				074A3F8120070724000A439A /* Products */,
				B2CFB4F56679338323F18F82 /* Pods */,
				C3D8AC48FF1BDB9D99F60E83 /* Frameworks */,
			);
			sourceTree = "<group>";
		};
		074A3F8120070724000A439A /* Products */ = {
			isa = PBXGroup;
			children = (
				074A3F8020070724000A439A /* Todoey.app */,
			);
			name = Products;
			sourceTree = "<group>";
		};
		074A3F8220070724000A439A /* Todoey */ = {
			isa = PBXGroup;
			children = (
				074A3F8320070724000A439A /* AppDelegate.swift */,
				074A3F9B2007FDF9000A439A /* Views */,
				074A3F982007FDE3000A439A /* Controllers */,
				074A3F952007FDA5000A439A /* Data Model */,
			);
			path = Todoey;
			sourceTree = "<group>";
		};
		074A3F952007FDA5000A439A /* Data Model */ = {
			isa = PBXGroup;
			children = (
				070F60F2200FC7FB00027CF0 /* Category.swift */,
				070F60F0200FC7EF00027CF0 /* Item.swift */,
			);
			path = "Data Model";
			sourceTree = "<group>";
		};
		074A3F982007FDE3000A439A /* Controllers */ = {
			isa = PBXGroup;
			children = (
				070F60E8200EA99200027CF0 /* CategoryViewController.swift */,
				074A3F8520070724000A439A /* TodoListViewController.swift */,
				070F60F4201249CC00027CF0 /* SwipeTableViewController.swift */,
			);
			path = Controllers;
			sourceTree = "<group>";
		};
		074A3F9B2007FDF9000A439A /* Views */ = {
			isa = PBXGroup;
			children = (
				074A3F8720070724000A439A /* Main.storyboard */,
			);
			path = Views;
			sourceTree = "<group>";
		};
		074A3F9C2007FE41000A439A /* Supporting Files */ = {
			isa = PBXGroup;
			children = (
				074A3F8C20070724000A439A /* LaunchScreen.storyboard */,
				074A3F8A20070724000A439A /* Assets.xcassets */,
			);
			path = "Supporting Files";
			sourceTree = "<group>";
		};
		B2CFB4F56679338323F18F82 /* Pods */ = {
			isa = PBXGroup;
			children = (
				658556D771CEDE8F0BAF2B9A /* Pods-Todoey.debug.xcconfig */,
				89879ECBB78B0750FD530FC6 /* Pods-Todoey.release.xcconfig */,
			);
			name = Pods;
			sourceTree = "<group>";
		};
		C3D8AC48FF1BDB9D99F60E83 /* Frameworks */ = {
			isa = PBXGroup;
			children = (
				53F637BA8A1B2C7933EF371A /* Pods_Todoey.framework */,
			);
			name = Frameworks;
			sourceTree = "<group>";
		};
/* End PBXGroup section */

/* Begin PBXNativeTarget section */
		074A3F7F20070724000A439A /* Todoey */ = {
			isa = PBXNativeTarget;
			buildConfigurationList = 074A3F9220070724000A439A /* Build configuration list for PBXNativeTarget "Todoey" */;
			buildPhases = (
				617F8D423EDB1D55EAA00EAB /* [CP] Check Pods Manifest.lock */,
				074A3F7C20070724000A439A /* Sources */,
				074A3F7D20070724000A439A /* Frameworks */,
				074A3F7E20070724000A439A /* Resources */,
				CF878D8029B7C8410035DF2C /* [CP] Embed Pods Frameworks */,
				7BA2BD8E4CDA749F23E97D9C /* [CP] Copy Pods Resources */,
			);
			buildRules = (
			);
			dependencies = (
			);
			name = Todoey;
			productName = Todoey;
			productReference = 074A3F8020070724000A439A /* Todoey.app */;
			productType = "com.apple.product-type.application";
		};
/* End PBXNativeTarget section */

/* Begin PBXProject section */
		074A3F7820070724000A439A /* Project object */ = {
			isa = PBXProject;
			attributes = {
				LastSwiftUpdateCheck = 0920;
				LastUpgradeCheck = 0920;
				ORGANIZATIONNAME = Miraco;
				TargetAttributes = {
					074A3F7F20070724000A439A = {
						CreatedOnToolsVersion = 9.2;
						ProvisioningStyle = Automatic;
					};
				};
			};
			buildConfigurationList = 074A3F7B20070724000A439A /* Build configuration list for PBXProject "Todoey" */;
			compatibilityVersion = "Xcode 8.0";
			developmentRegion = en;
			hasScannedForEncodings = 0;
			knownRegions = (
				en,
				Base,
			);
			mainGroup = 074A3F7720070724000A439A;
			productRefGroup = 074A3F8120070724000A439A /* Products */;
			projectDirPath = "";
			projectRoot = "";
			targets = (
				074A3F7F20070724000A439A /* Todoey */,
			);
		};
/* End PBXProject section */

/* Begin PBXResourcesBuildPhase section */
		074A3F7E20070724000A439A /* Resources */ = {
			isa = PBXResourcesBuildPhase;
			buildActionMask = 2147483647;
			files = (
				074A3F8E20070724000A439A /* LaunchScreen.storyboard in Resources */,
				074A3F8B20070724000A439A /* Assets.xcassets in Resources */,
				074A3F8920070724000A439A /* Main.storyboard in Resources */,
			);
			runOnlyForDeploymentPostprocessing = 0;
		};
/* End PBXResourcesBuildPhase section */

/* Begin PBXShellScriptBuildPhase section */
		617F8D423EDB1D55EAA00EAB /* [CP] Check Pods Manifest.lock */ = {
			isa = PBXShellScriptBuildPhase;
			buildActionMask = 2147483647;
			files = (
			);
			inputPaths = (
				"${PODS_PODFILE_DIR_PATH}/Podfile.lock",
				"${PODS_ROOT}/Manifest.lock",
			);
			name = "[CP] Check Pods Manifest.lock";
			outputPaths = (
				"$(DERIVED_FILE_DIR)/Pods-Todoey-checkManifestLockResult.txt",
			);
			runOnlyForDeploymentPostprocessing = 0;
			shellPath = /bin/sh;
			shellScript = "diff \"${PODS_PODFILE_DIR_PATH}/Podfile.lock\" \"${PODS_ROOT}/Manifest.lock\" > /dev/null\nif [ $? != 0 ] ; then\n    # print error to STDERR\n    echo \"error: The sandbox is not in sync with the Podfile.lock. Run 'pod install' or update your CocoaPods installation.\" >&2\n    exit 1\nfi\n# This output is used by Xcode 'outputs' to avoid re-running this script phase.\necho \"SUCCESS\" > \"${SCRIPT_OUTPUT_FILE_0}\"\n";
			showEnvVarsInLog = 0;
		};
		7BA2BD8E4CDA749F23E97D9C /* [CP] Copy Pods Resources */ = {
			isa = PBXShellScriptBuildPhase;
			buildActionMask = 2147483647;
			files = (
			);
			inputPaths = (
			);
			name = "[CP] Copy Pods Resources";
			outputPaths = (
			);
			runOnlyForDeploymentPostprocessing = 0;
			shellPath = /bin/sh;
			shellScript = "\"${SRCROOT}/Pods/Target Support Files/Pods-Todoey/Pods-Todoey-resources.sh\"\n";
			showEnvVarsInLog = 0;
		};
		CF878D8029B7C8410035DF2C /* [CP] Embed Pods Frameworks */ = {
			isa = PBXShellScriptBuildPhase;
			buildActionMask = 2147483647;
			files = (
			);
			inputPaths = (
				"${SRCROOT}/Pods/Target Support Files/Pods-Todoey/Pods-Todoey-frameworks.sh",
				"${BUILT_PRODUCTS_DIR}/ChameleonFramework/ChameleonFramework.framework",
				"${BUILT_PRODUCTS_DIR}/Realm/Realm.framework",
				"${BUILT_PRODUCTS_DIR}/RealmSwift/RealmSwift.framework",
				"${BUILT_PRODUCTS_DIR}/SwipeCellKit/SwipeCellKit.framework",
			);
			name = "[CP] Embed Pods Frameworks";
			outputPaths = (
				"${TARGET_BUILD_DIR}/${FRAMEWORKS_FOLDER_PATH}/ChameleonFramework.framework",
				"${TARGET_BUILD_DIR}/${FRAMEWORKS_FOLDER_PATH}/Realm.framework",
				"${TARGET_BUILD_DIR}/${FRAMEWORKS_FOLDER_PATH}/RealmSwift.framework",
				"${TARGET_BUILD_DIR}/${FRAMEWORKS_FOLDER_PATH}/SwipeCellKit.framework",
			);
			runOnlyForDeploymentPostprocessing = 0;
			shellPath = /bin/sh;
			shellScript = "\"${SRCROOT}/Pods/Target Support Files/Pods-Todoey/Pods-Todoey-frameworks.sh\"\n";
			showEnvVarsInLog = 0;
		};
/* End PBXShellScriptBuildPhase section */

/* Begin PBXSourcesBuildPhase section */
		074A3F7C20070724000A439A /* Sources */ = {
			isa = PBXSourcesBuildPhase;
			buildActionMask = 2147483647;
			files = (
				070F60F1200FC7EF00027CF0 /* Item.swift in Sources */,
				070F60E9200EA99200027CF0 /* CategoryViewController.swift in Sources */,
				074A3F8620070724000A439A /* TodoListViewController.swift in Sources */,
				074A3F8420070724000A439A /* AppDelegate.swift in Sources */,
				070F60F5201249CC00027CF0 /* SwipeTableViewController.swift in Sources */,
				070F60F3200FC7FB00027CF0 /* Category.swift in Sources */,
			);
			runOnlyForDeploymentPostprocessing = 0;
		};
/* End PBXSourcesBuildPhase section */

/* Begin PBXVariantGroup section */
		074A3F8720070724000A439A /* Main.storyboard */ = {
			isa = PBXVariantGroup;
			children = (
				074A3F8820070724000A439A /* Base */,
			);
			name = Main.storyboard;
			sourceTree = "<group>";
		};
		074A3F8C20070724000A439A /* LaunchScreen.storyboard */ = {
			isa = PBXVariantGroup;
			children = (
				074A3F8D20070724000A439A /* Base */,
			);
			name = LaunchScreen.storyboard;
			sourceTree = "<group>";
		};
/* End PBXVariantGroup section */

/* Begin XCBuildConfiguration section */
		074A3F9020070724000A439A /* Debug */ = {
			isa = XCBuildConfiguration;
			buildSettings = {
				ALWAYS_SEARCH_USER_PATHS = NO;
				CLANG_ANALYZER_NONNULL = YES;
				CLANG_ANALYZER_NUMBER_OBJECT_CONVERSION = YES_AGGRESSIVE;
				CLANG_CXX_LANGUAGE_STANDARD = "gnu++14";
				CLANG_CXX_LIBRARY = "libc++";
				CLANG_ENABLE_MODULES = YES;
				CLANG_ENABLE_OBJC_ARC = YES;
				CLANG_WARN_BLOCK_CAPTURE_AUTORELEASING = YES;
				CLANG_WARN_BOOL_CONVERSION = YES;
				CLANG_WARN_COMMA = YES;
				CLANG_WARN_CONSTANT_CONVERSION = YES;
				CLANG_WARN_DIRECT_OBJC_ISA_USAGE = YES_ERROR;
				CLANG_WARN_DOCUMENTATION_COMMENTS = YES;
				CLANG_WARN_EMPTY_BODY = YES;
				CLANG_WARN_ENUM_CONVERSION = YES;
				CLANG_WARN_INFINITE_RECURSION = YES;
				CLANG_WARN_INT_CONVERSION = YES;
				CLANG_WARN_NON_LITERAL_NULL_CONVERSION = YES;
				CLANG_WARN_OBJC_LITERAL_CONVERSION = YES;
				CLANG_WARN_OBJC_ROOT_CLASS = YES_ERROR;
				CLANG_WARN_RANGE_LOOP_ANALYSIS = YES;
				CLANG_WARN_STRICT_PROTOTYPES = YES;
				CLANG_WARN_SUSPICIOUS_MOVE = YES;
				CLANG_WARN_UNGUARDED_AVAILABILITY = YES_AGGRESSIVE;
				CLANG_WARN_UNREACHABLE_CODE = YES;
				CLANG_WARN__DUPLICATE_METHOD_MATCH = YES;
				CODE_SIGN_IDENTITY = "iPhone Developer";
				COPY_PHASE_STRIP = NO;
				DEBUG_INFORMATION_FORMAT = dwarf;
				ENABLE_STRICT_OBJC_MSGSEND = YES;
				ENABLE_TESTABILITY = YES;
				GCC_C_LANGUAGE_STANDARD = gnu11;
				GCC_DYNAMIC_NO_PIC = NO;
				GCC_NO_COMMON_BLOCKS = YES;
				GCC_OPTIMIZATION_LEVEL = 0;
				GCC_PREPROCESSOR_DEFINITIONS = (
					"DEBUG=1",
					"$(inherited)",
				);
				GCC_WARN_64_TO_32_BIT_CONVERSION = YES;
				GCC_WARN_ABOUT_RETURN_TYPE = YES_ERROR;
				GCC_WARN_UNDECLARED_SELECTOR = YES;
				GCC_WARN_UNINITIALIZED_AUTOS = YES_AGGRESSIVE;
				GCC_WARN_UNUSED_FUNCTION = YES;
				GCC_WARN_UNUSED_VARIABLE = YES;
				IPHONEOS_DEPLOYMENT_TARGET = 11.2;
				MTL_ENABLE_DEBUG_INFO = YES;
				ONLY_ACTIVE_ARCH = YES;
				SDKROOT = iphoneos;
				SWIFT_ACTIVE_COMPILATION_CONDITIONS = DEBUG;
				SWIFT_OPTIMIZATION_LEVEL = "-Onone";
			};
			name = Debug;
		};
		074A3F9120070724000A439A /* Release */ = {
			isa = XCBuildConfiguration;
			buildSettings = {
				ALWAYS_SEARCH_USER_PATHS = NO;
				CLANG_ANALYZER_NONNULL = YES;
				CLANG_ANALYZER_NUMBER_OBJECT_CONVERSION = YES_AGGRESSIVE;
				CLANG_CXX_LANGUAGE_STANDARD = "gnu++14";
				CLANG_CXX_LIBRARY = "libc++";
				CLANG_ENABLE_MODULES = YES;
				CLANG_ENABLE_OBJC_ARC = YES;
				CLANG_WARN_BLOCK_CAPTURE_AUTORELEASING = YES;
				CLANG_WARN_BOOL_CONVERSION = YES;
				CLANG_WARN_COMMA = YES;
				CLANG_WARN_CONSTANT_CONVERSION = YES;
				CLANG_WARN_DIRECT_OBJC_ISA_USAGE = YES_ERROR;
				CLANG_WARN_DOCUMENTATION_COMMENTS = YES;
				CLANG_WARN_EMPTY_BODY = YES;
				CLANG_WARN_ENUM_CONVERSION = YES;
				CLANG_WARN_INFINITE_RECURSION = YES;
				CLANG_WARN_INT_CONVERSION = YES;
				CLANG_WARN_NON_LITERAL_NULL_CONVERSION = YES;
				CLANG_WARN_OBJC_LITERAL_CONVERSION = YES;
				CLANG_WARN_OBJC_ROOT_CLASS = YES_ERROR;
				CLANG_WARN_RANGE_LOOP_ANALYSIS = YES;
				CLANG_WARN_STRICT_PROTOTYPES = YES;
				CLANG_WARN_SUSPICIOUS_MOVE = YES;
				CLANG_WARN_UNGUARDED_AVAILABILITY = YES_AGGRESSIVE;
				CLANG_WARN_UNREACHABLE_CODE = YES;
				CLANG_WARN__DUPLICATE_METHOD_MATCH = YES;
				CODE_SIGN_IDENTITY = "iPhone Developer";
				COPY_PHASE_STRIP = NO;
				DEBUG_INFORMATION_FORMAT = "dwarf-with-dsym";
				ENABLE_NS_ASSERTIONS = NO;
				ENABLE_STRICT_OBJC_MSGSEND = YES;
				GCC_C_LANGUAGE_STANDARD = gnu11;
				GCC_NO_COMMON_BLOCKS = YES;
				GCC_WARN_64_TO_32_BIT_CONVERSION = YES;
				GCC_WARN_ABOUT_RETURN_TYPE = YES_ERROR;
				GCC_WARN_UNDECLARED_SELECTOR = YES;
				GCC_WARN_UNINITIALIZED_AUTOS = YES_AGGRESSIVE;
				GCC_WARN_UNUSED_FUNCTION = YES;
				GCC_WARN_UNUSED_VARIABLE = YES;
				IPHONEOS_DEPLOYMENT_TARGET = 11.2;
				MTL_ENABLE_DEBUG_INFO = NO;
				ONLY_ACTIVE_ARCH = YES;
				SDKROOT = iphoneos;
				SWIFT_OPTIMIZATION_LEVEL = "-Owholemodule";
				VALIDATE_PRODUCT = YES;
			};
			name = Release;
		};
		074A3F9320070724000A439A /* Debug */ = {
			isa = XCBuildConfiguration;
			baseConfigurationReference = 658556D771CEDE8F0BAF2B9A /* Pods-Todoey.debug.xcconfig */;
			buildSettings = {
				ASSETCATALOG_COMPILER_APPICON_NAME = AppIcon;
				CODE_SIGN_STYLE = Automatic;
				DEVELOPMENT_TEAM = 5H83TMV82H;
				INFOPLIST_FILE = "$(SRCROOT)/Info.plist";
				LD_RUNPATH_SEARCH_PATHS = "$(inherited) @executable_path/Frameworks";
				PRODUCT_BUNDLE_IDENTIFIER = com.miraco.Todoey;
				PRODUCT_NAME = "$(TARGET_NAME)";
				SWIFT_VERSION = 4.0;
				TARGETED_DEVICE_FAMILY = 1;
			};
			name = Debug;
		};
		074A3F9420070724000A439A /* Release */ = {
			isa = XCBuildConfiguration;
			baseConfigurationReference = 89879ECBB78B0750FD530FC6 /* Pods-Todoey.release.xcconfig */;
			buildSettings = {
				ASSETCATALOG_COMPILER_APPICON_NAME = AppIcon;
				CODE_SIGN_STYLE = Automatic;
				DEVELOPMENT_TEAM = 5H83TMV82H;
				INFOPLIST_FILE = "$(SRCROOT)/Info.plist";
				LD_RUNPATH_SEARCH_PATHS = "$(inherited) @executable_path/Frameworks";
				PRODUCT_BUNDLE_IDENTIFIER = com.miraco.Todoey;
				PRODUCT_NAME = "$(TARGET_NAME)";
				SWIFT_VERSION = 4.0;
				TARGETED_DEVICE_FAMILY = 1;
			};
			name = Release;
		};
/* End XCBuildConfiguration section */

/* Begin XCConfigurationList section */
		074A3F7B20070724000A439A /* Build configuration list for PBXProject "Todoey" */ = {
			isa = XCConfigurationList;
			buildConfigurations = (
				074A3F9020070724000A439A /* Debug */,
				074A3F9120070724000A439A /* Release */,
			);
			defaultConfigurationIsVisible = 0;
			defaultConfigurationName = Release;
		};
		074A3F9220070724000A439A /* Build configuration list for PBXNativeTarget "Todoey" */ = {
			isa = XCConfigurationList;
			buildConfigurations = (
				074A3F9320070724000A439A /* Debug */,
				074A3F9420070724000A439A /* Release */,
			);
			defaultConfigurationIsVisible = 0;
			defaultConfigurationName = Release;
		};
/* End XCConfigurationList section */
	};
	rootObject = 074A3F7820070724000A439A /* Project object */;
}
