// !$*UTF8*$!
{
	archiveVersion = 1;
	classes = {
	};
	objectVersion = 46;
	objects = {

/* Begin PBXBuildFile section */
		781886E71A190D3600A5CC3C /* AppDelegate.swift in Sources */ = {isa = PBXBuildFile; fileRef = 781886E61A190D3600A5CC3C /* AppDelegate.swift */; };
		781886E91A190D3600A5CC3C /* ViewController.swift in Sources */ = {isa = PBXBuildFile; fileRef = 781886E81A190D3600A5CC3C /* ViewController.swift */; };
		781886EC1A190D3600A5CC3C /* Main.storyboard in Resources */ = {isa = PBXBuildFile; fileRef = 781886EA1A190D3600A5CC3C /* Main.storyboard */; };
		781886EE1A190D3600A5CC3C /* Images.xcassets in Resources */ = {isa = PBXBuildFile; fileRef = 781886ED1A190D3600A5CC3C /* Images.xcassets */; };
		781886F11A190D3600A5CC3C /* LaunchScreen.xib in Resources */ = {isa = PBXBuildFile; fileRef = 781886EF1A190D3600A5CC3C /* LaunchScreen.xib */; };
		781886FD1A190D3600A5CC3C /* FrameVsBoundsTests.swift in Sources */ = {isa = PBXBuildFile; fileRef = 781886FC1A190D3600A5CC3C /* FrameVsBoundsTests.swift */; };
/* End PBXBuildFile section */

/* Begin PBXContainerItemProxy section */
		781886F71A190D3600A5CC3C /* PBXContainerItemProxy */ = {
			isa = PBXContainerItemProxy;
			containerPortal = 781886D91A190D3600A5CC3C /* Project object */;
			proxyType = 1;
			remoteGlobalIDString = 781886E01A190D3600A5CC3C;
			remoteInfo = FrameVsBounds;
		};
/* End PBXContainerItemProxy section */

/* Begin PBXFileReference section */
		781886E11A190D3600A5CC3C /* FrameVsBounds.app */ = {isa = PBXFileReference; explicitFileType = wrapper.application; includeInIndex = 0; path = FrameVsBounds.app; sourceTree = BUILT_PRODUCTS_DIR; };
		781886E51A190D3600A5CC3C /* Info.plist */ = {isa = PBXFileReference; lastKnownFileType = text.plist.xml; path = Info.plist; sourceTree = "<group>"; };
		781886E61A190D3600A5CC3C /* AppDelegate.swift */ = {isa = PBXFileReference; lastKnownFileType = sourcecode.swift; path = AppDelegate.swift; sourceTree = "<group>"; };
		781886E81A190D3600A5CC3C /* ViewController.swift */ = {isa = PBXFileReference; lastKnownFileType = sourcecode.swift; path = ViewController.swift; sourceTree = "<group>"; };
		781886EB1A190D3600A5CC3C /* Base */ = {isa = PBXFileReference; lastKnownFileType = file.storyboard; name = Base; path = Base.lproj/Main.storyboard; sourceTree = "<group>"; };
		781886ED1A190D3600A5CC3C /* Images.xcassets */ = {isa = PBXFileReference; lastKnownFileType = folder.assetcatalog; path = Images.xcassets; sourceTree = "<group>"; };
		781886F01A190D3600A5CC3C /* Base */ = {isa = PBXFileReference; lastKnownFileType = file.xib; name = Base; path = Base.lproj/LaunchScreen.xib; sourceTree = "<group>"; };
		781886F61A190D3600A5CC3C /* FrameVsBoundsTests.xctest */ = {isa = PBXFileReference; explicitFileType = wrapper.cfbundle; includeInIndex = 0; path = FrameVsBoundsTests.xctest; sourceTree = BUILT_PRODUCTS_DIR; };
		781886FB1A190D3600A5CC3C /* Info.plist */ = {isa = PBXFileReference; lastKnownFileType = text.plist.xml; path = Info.plist; sourceTree = "<group>"; };
		781886FC1A190D3600A5CC3C /* FrameVsBoundsTests.swift */ = {isa = PBXFileReference; lastKnownFileType = sourcecode.swift; path = FrameVsBoundsTests.swift; sourceTree = "<group>"; };
/* End PBXFileReference section */

/* Begin PBXFrameworksBuildPhase section */
		781886DE1A190D3600A5CC3C /* Frameworks */ = {
			isa = PBXFrameworksBuildPhase;
			buildActionMask = 2147483647;
			files = (
			);
			runOnlyForDeploymentPostprocessing = 0;
		};
		781886F31A190D3600A5CC3C /* Frameworks */ = {
			isa = PBXFrameworksBuildPhase;
			buildActionMask = 2147483647;
			files = (
			);
			runOnlyForDeploymentPostprocessing = 0;
		};
/* End PBXFrameworksBuildPhase section */

/* Begin PBXGroup section */
		781886D81A190D3600A5CC3C = {
			isa = PBXGroup;
			children = (
				781886E31A190D3600A5CC3C /* FrameVsBounds */,
				781886F91A190D3600A5CC3C /* FrameVsBoundsTests */,
				781886E21A190D3600A5CC3C /* Products */,
			);
			sourceTree = "<group>";
		};
		781886E21A190D3600A5CC3C /* Products */ = {
			isa = PBXGroup;
			children = (
				781886E11A190D3600A5CC3C /* FrameVsBounds.app */,
				781886F61A190D3600A5CC3C /* FrameVsBoundsTests.xctest */,
			);
			name = Products;
			sourceTree = "<group>";
		};
		781886E31A190D3600A5CC3C /* FrameVsBounds */ = {
			isa = PBXGroup;
			children = (
				781886E61A190D3600A5CC3C /* AppDelegate.swift */,
				781886E81A190D3600A5CC3C /* ViewController.swift */,
				781886EA1A190D3600A5CC3C /* Main.storyboard */,
				781886ED1A190D3600A5CC3C /* Images.xcassets */,
				781886EF1A190D3600A5CC3C /* LaunchScreen.xib */,
				781886E41A190D3600A5CC3C /* Supporting Files */,
			);
			path = FrameVsBounds;
			sourceTree = "<group>";
		};
		781886E41A190D3600A5CC3C /* Supporting Files */ = {
			isa = PBXGroup;
			children = (
				781886E51A190D3600A5CC3C /* Info.plist */,
			);
			name = "Supporting Files";
			sourceTree = "<group>";
		};
		781886F91A190D3600A5CC3C /* FrameVsBoundsTests */ = {
			isa = PBXGroup;
			children = (
				781886FC1A190D3600A5CC3C /* FrameVsBoundsTests.swift */,
				781886FA1A190D3600A5CC3C /* Supporting Files */,
			);
			path = FrameVsBoundsTests;
			sourceTree = "<group>";
		};
		781886FA1A190D3600A5CC3C /* Supporting Files */ = {
			isa = PBXGroup;
			children = (
				781886FB1A190D3600A5CC3C /* Info.plist */,
			);
			name = "Supporting Files";
			sourceTree = "<group>";
		};
/* End PBXGroup section */

/* Begin PBXNativeTarget section */
		781886E01A190D3600A5CC3C /* FrameVsBounds */ = {
			isa = PBXNativeTarget;
			buildConfigurationList = 781887001A190D3600A5CC3C /* Build configuration list for PBXNativeTarget "FrameVsBounds" */;
			buildPhases = (
				781886DD1A190D3600A5CC3C /* Sources */,
				781886DE1A190D3600A5CC3C /* Frameworks */,
				781886DF1A190D3600A5CC3C /* Resources */,
			);
			buildRules = (
			);
			dependencies = (
			);
			name = FrameVsBounds;
			productName = FrameVsBounds;
			productReference = 781886E11A190D3600A5CC3C /* FrameVsBounds.app */;
			productType = "com.apple.product-type.application";
		};
		781886F51A190D3600A5CC3C /* FrameVsBoundsTests */ = {
			isa = PBXNativeTarget;
			buildConfigurationList = 781887031A190D3600A5CC3C /* Build configuration list for PBXNativeTarget "FrameVsBoundsTests" */;
			buildPhases = (
				781886F21A190D3600A5CC3C /* Sources */,
				781886F31A190D3600A5CC3C /* Frameworks */,
				781886F41A190D3600A5CC3C /* Resources */,
			);
			buildRules = (
			);
			dependencies = (
				781886F81A190D3600A5CC3C /* PBXTargetDependency */,
			);
			name = FrameVsBoundsTests;
			productName = FrameVsBoundsTests;
			productReference = 781886F61A190D3600A5CC3C /* FrameVsBoundsTests.xctest */;
			productType = "com.apple.product-type.bundle.unit-test";
		};
/* End PBXNativeTarget section */

/* Begin PBXProject section */
		781886D91A190D3600A5CC3C /* Project object */ = {
			isa = PBXProject;
			attributes = {
				LastSwiftUpdateCheck = 0710;
				LastUpgradeCheck = 0610;
				ORGANIZATIONNAME = "Razeware LLC";
				TargetAttributes = {
					781886E01A190D3600A5CC3C = {
						CreatedOnToolsVersion = 6.1;
					};
					781886F51A190D3600A5CC3C = {
						CreatedOnToolsVersion = 6.1;
						TestTargetID = 781886E01A190D3600A5CC3C;
					};
				};
			};
			buildConfigurationList = 781886DC1A190D3600A5CC3C /* Build configuration list for PBXProject "FrameVsBounds" */;
			compatibilityVersion = "Xcode 3.2";
			developmentRegion = English;
			hasScannedForEncodings = 0;
			knownRegions = (
				en,
				Base,
			);
			mainGroup = 781886D81A190D3600A5CC3C;
			productRefGroup = 781886E21A190D3600A5CC3C /* Products */;
			projectDirPath = "";
			projectRoot = "";
			targets = (
				781886E01A190D3600A5CC3C /* FrameVsBounds */,
				781886F51A190D3600A5CC3C /* FrameVsBoundsTests */,
			);
		};
/* End PBXProject section */

/* Begin PBXResourcesBuildPhase section */
		781886DF1A190D3600A5CC3C /* Resources */ = {
			isa = PBXResourcesBuildPhase;
			buildActionMask = 2147483647;
			files = (
				781886EC1A190D3600A5CC3C /* Main.storyboard in Resources */,
				781886F11A190D3600A5CC3C /* LaunchScreen.xib in Resources */,
				781886EE1A190D3600A5CC3C /* Images.xcassets in Resources */,
			);
			runOnlyForDeploymentPostprocessing = 0;
		};
		781886F41A190D3600A5CC3C /* Resources */ = {
			isa = PBXResourcesBuildPhase;
			buildActionMask = 2147483647;
			files = (
			);
			runOnlyForDeploymentPostprocessing = 0;
		};
/* End PBXResourcesBuildPhase section */

/* Begin PBXSourcesBuildPhase section */
		781886DD1A190D3600A5CC3C /* Sources */ = {
			isa = PBXSourcesBuildPhase;
			buildActionMask = 2147483647;
			files = (
				781886E91A190D3600A5CC3C /* ViewController.swift in Sources */,
				781886E71A190D3600A5CC3C /* AppDelegate.swift in Sources */,
			);
			runOnlyForDeploymentPostprocessing = 0;
		};
		781886F21A190D3600A5CC3C /* Sources */ = {
			isa = PBXSourcesBuildPhase;
			buildActionMask = 2147483647;
			files = (
				781886FD1A190D3600A5CC3C /* FrameVsBoundsTests.swift in Sources */,
			);
			runOnlyForDeploymentPostprocessing = 0;
		};
/* End PBXSourcesBuildPhase section */

/* Begin PBXTargetDependency section */
		781886F81A190D3600A5CC3C /* PBXTargetDependency */ = {
			isa = PBXTargetDependency;
			target = 781886E01A190D3600A5CC3C /* FrameVsBounds */;
			targetProxy = 781886F71A190D3600A5CC3C /* PBXContainerItemProxy */;
		};
/* End PBXTargetDependency section */

/* Begin PBXVariantGroup section */
		781886EA1A190D3600A5CC3C /* Main.storyboard */ = {
			isa = PBXVariantGroup;
			children = (
				781886EB1A190D3600A5CC3C /* Base */,
			);
			name = Main.storyboard;
			sourceTree = "<group>";
		};
		781886EF1A190D3600A5CC3C /* LaunchScreen.xib */ = {
			isa = PBXVariantGroup;
			children = (
				781886F01A190D3600A5CC3C /* Base */,
			);
			name = LaunchScreen.xib;
			sourceTree = "<group>";
		};
/* End PBXVariantGroup section */

/* Begin XCBuildConfiguration section */
		781886FE1A190D3600A5CC3C /* Debug */ = {
			isa = XCBuildConfiguration;
			buildSettings = {
				ALWAYS_SEARCH_USER_PATHS = NO;
				CLANG_CXX_LANGUAGE_STANDARD = "gnu++0x";
				CLANG_CXX_LIBRARY = "libc++";
				CLANG_ENABLE_MODULES = YES;
				CLANG_ENABLE_OBJC_ARC = YES;
				CLANG_WARN_BOOL_CONVERSION = YES;
				CLANG_WARN_CONSTANT_CONVERSION = YES;
				CLANG_WARN_DIRECT_OBJC_ISA_USAGE = YES_ERROR;
				CLANG_WARN_EMPTY_BODY = YES;
				CLANG_WARN_ENUM_CONVERSION = YES;
				CLANG_WARN_INT_CONVERSION = YES;
				CLANG_WARN_OBJC_ROOT_CLASS = YES_ERROR;
				CLANG_WARN_UNREACHABLE_CODE = YES;
				CLANG_WARN__DUPLICATE_METHOD_MATCH = YES;
				"CODE_SIGN_IDENTITY[sdk=iphoneos*]" = "iPhone Developer";
				COPY_PHASE_STRIP = NO;
				ENABLE_STRICT_OBJC_MSGSEND = YES;
				GCC_C_LANGUAGE_STANDARD = gnu99;
				GCC_DYNAMIC_NO_PIC = NO;
				GCC_OPTIMIZATION_LEVEL = 0;
				GCC_PREPROCESSOR_DEFINITIONS = (
					"DEBUG=1",
					"$(inherited)",
				);
				GCC_SYMBOLS_PRIVATE_EXTERN = NO;
				GCC_WARN_64_TO_32_BIT_CONVERSION = YES;
				GCC_WARN_ABOUT_RETURN_TYPE = YES_ERROR;
				GCC_WARN_UNDECLARED_SELECTOR = YES;
				GCC_WARN_UNINITIALIZED_AUTOS = YES_AGGRESSIVE;
				GCC_WARN_UNUSED_FUNCTION = YES;
				GCC_WARN_UNUSED_VARIABLE = YES;
				IPHONEOS_DEPLOYMENT_TARGET = 8.1;
				MTL_ENABLE_DEBUG_INFO = YES;
				ONLY_ACTIVE_ARCH = YES;
				SDKROOT = iphoneos;
				SWIFT_OPTIMIZATION_LEVEL = "-Onone";
			};
			name = Debug;
		};
		781886FF1A190D3600A5CC3C /* Release */ = {
			isa = XCBuildConfiguration;
			buildSettings = {
				ALWAYS_SEARCH_USER_PATHS = NO;
				CLANG_CXX_LANGUAGE_STANDARD = "gnu++0x";
				CLANG_CXX_LIBRARY = "libc++";
				CLANG_ENABLE_MODULES = YES;
				CLANG_ENABLE_OBJC_ARC = YES;
				CLANG_WARN_BOOL_CONVERSION = YES;
				CLANG_WARN_CONSTANT_CONVERSION = YES;
				CLANG_WARN_DIRECT_OBJC_ISA_USAGE = YES_ERROR;
				CLANG_WARN_EMPTY_BODY = YES;
				CLANG_WARN_ENUM_CONVERSION = YES;
				CLANG_WARN_INT_CONVERSION = YES;
				CLANG_WARN_OBJC_ROOT_CLASS = YES_ERROR;
				CLANG_WARN_UNREACHABLE_CODE = YES;
				CLANG_WARN__DUPLICATE_METHOD_MATCH = YES;
				"CODE_SIGN_IDENTITY[sdk=iphoneos*]" = "iPhone Developer";
				COPY_PHASE_STRIP = YES;
				ENABLE_NS_ASSERTIONS = NO;
				ENABLE_STRICT_OBJC_MSGSEND = YES;
				GCC_C_LANGUAGE_STANDARD = gnu99;
				GCC_WARN_64_TO_32_BIT_CONVERSION = YES;
				GCC_WARN_ABOUT_RETURN_TYPE = YES_ERROR;
				GCC_WARN_UNDECLARED_SELECTOR = YES;
				GCC_WARN_UNINITIALIZED_AUTOS = YES_AGGRESSIVE;
				GCC_WARN_UNUSED_FUNCTION = YES;
				GCC_WARN_UNUSED_VARIABLE = YES;
				IPHONEOS_DEPLOYMENT_TARGET = 8.1;
				MTL_ENABLE_DEBUG_INFO = NO;
				SDKROOT = iphoneos;
				VALIDATE_PRODUCT = YES;
			};
			name = Release;
		};
		781887011A190D3600A5CC3C /* Debug */ = {
			isa = XCBuildConfiguration;
			buildSettings = {
				ASSETCATALOG_COMPILER_APPICON_NAME = AppIcon;
				INFOPLIST_FILE = FrameVsBounds/Info.plist;
				LD_RUNPATH_SEARCH_PATHS = "$(inherited) @executable_path/Frameworks";
				PRODUCT_NAME = "$(TARGET_NAME)";
			};
			name = Debug;
		};
		781887021A190D3600A5CC3C /* Release */ = {
			isa = XCBuildConfiguration;
			buildSettings = {
				ASSETCATALOG_COMPILER_APPICON_NAME = AppIcon;
				INFOPLIST_FILE = FrameVsBounds/Info.plist;
				LD_RUNPATH_SEARCH_PATHS = "$(inherited) @executable_path/Frameworks";
				PRODUCT_NAME = "$(TARGET_NAME)";
			};
			name = Release;
		};
		781887041A190D3600A5CC3C /* Debug */ = {
			isa = XCBuildConfiguration;
			buildSettings = {
				BUNDLE_LOADER = "$(TEST_HOST)";
				FRAMEWORK_SEARCH_PATHS = (
					"$(SDKROOT)/Developer/Library/Frameworks",
					"$(inherited)",
				);
				GCC_PREPROCESSOR_DEFINITIONS = (
					"DEBUG=1",
					"$(inherited)",
				);
				INFOPLIST_FILE = FrameVsBoundsTests/Info.plist;
				LD_RUNPATH_SEARCH_PATHS = "$(inherited) @executable_path/Frameworks @loader_path/Frameworks";
				PRODUCT_NAME = "$(TARGET_NAME)";
				TEST_HOST = "$(BUILT_PRODUCTS_DIR)/FrameVsBounds.app/FrameVsBounds";
			};
			name = Debug;
		};
		781887051A190D3600A5CC3C /* Release */ = {
			isa = XCBuildConfiguration;
			buildSettings = {
				BUNDLE_LOADER = "$(TEST_HOST)";
				FRAMEWORK_SEARCH_PATHS = (
					"$(SDKROOT)/Developer/Library/Frameworks",
					"$(inherited)",
				);
				INFOPLIST_FILE = FrameVsBoundsTests/Info.plist;
				LD_RUNPATH_SEARCH_PATHS = "$(inherited) @executable_path/Frameworks @loader_path/Frameworks";
				PRODUCT_NAME = "$(TARGET_NAME)";
				TEST_HOST = "$(BUILT_PRODUCTS_DIR)/FrameVsBounds.app/FrameVsBounds";
			};
			name = Release;
		};
/* End XCBuildConfiguration section */

/* Begin XCConfigurationList section */
		781886DC1A190D3600A5CC3C /* Build configuration list for PBXProject "FrameVsBounds" */ = {
			isa = XCConfigurationList;
			buildConfigurations = (
				781886FE1A190D3600A5CC3C /* Debug */,
				781886FF1A190D3600A5CC3C /* Release */,
			);
			defaultConfigurationIsVisible = 0;
			defaultConfigurationName = Release;
		};
		781887001A190D3600A5CC3C /* Build configuration list for PBXNativeTarget "FrameVsBounds" */ = {
			isa = XCConfigurationList;
			buildConfigurations = (
				781887011A190D3600A5CC3C /* Debug */,
				781887021A190D3600A5CC3C /* Release */,
			);
			defaultConfigurationIsVisible = 0;
			defaultConfigurationName = Release;
		};
		781887031A190D3600A5CC3C /* Build configuration list for PBXNativeTarget "FrameVsBoundsTests" */ = {
			isa = XCConfigurationList;
			buildConfigurations = (
				781887041A190D3600A5CC3C /* Debug */,
				781887051A190D3600A5CC3C /* Release */,
			);
			defaultConfigurationIsVisible = 0;
			defaultConfigurationName = Release;
		};
/* End XCConfigurationList section */
	};
	rootObject = 781886D91A190D3600A5CC3C /* Project object */;
}
